
Microsoft Visual Studio Solution File, Format Version 12.00
# Visual Studio Version 17
VisualStudioVersion = 17.0.31710.8
MinimumVisualStudioVersion = 10.0.40219.1
Project("{9A19103F-16F7-4668-BE54-9A1E7A4F7556}") = "Application.SmartCharging.Service", "Application.SmartCharging\Application.SmartCharging.Service.csproj", "{5D1C6174-9F26-46FB-87B1-C21CA76F6A22}"
EndProject
Project("{9A19103F-16F7-4668-BE54-9A1E7A4F7556}") = "Application.SmartCharging.BL", "Application.SmartCharging.BL\Application.SmartCharging.BL.csproj", "{1808B818-ECC8-46EE-B67C-C48578E0E9F5}"
EndProject
Project("{9A19103F-16F7-4668-BE54-9A1E7A4F7556}") = "Application.SmartCharging.DL", "Application.SmartCharging.DL\Application.SmartCharging.DL.csproj", "{998F9BAD-37D4-4220-BEE9-F319B5DA32AF}"
EndProject
Project("{9A19103F-16F7-4668-BE54-9A1E7A4F7556}") = "Application.SmartCharging.Models", "Application.SmartCharging.Models\Application.SmartCharging.Models.csproj", "{89C960AA-4882-4C10-A8C8-A4DD377008EB}"
EndProject
Project("{9A19103F-16F7-4668-BE54-9A1E7A4F7556}") = "Application.SmartCharging.Test", "Application.SmartCharging.Test\Application.SmartCharging.Test.csproj", "{04F208E6-14DF-4AAA-8455-5BEC8D671F29}"
EndProject
Project("{9A19103F-16F7-4668-BE54-9A1E7A4F7556}") = "Application.SmartCharging.Common", "Application.SmartCharging.Common\Application.SmartCharging.Common.csproj", "{071EF5F4-4C20-45C2-B380-F6DA6194EFE7}"
EndProject
Project("{FAE04EC0-301F-11D3-BF4B-00C04F79EFBC}") = "Application.SmartCharging.EFCore", "Application.SmartCharging.EFCore\Application.SmartCharging.EFCore.csproj", "{7A3D523D-B0BA-4898-95A5-B6FC79DA9E03}"
EndProject
Project("{2150E333-8FDC-42A3-9474-1A3956D46DE8}") = "Solution Items", "Solution Items", "{028E40A1-3F07-45F0-A2FF-99C4E36862EE}"
	ProjectSection(SolutionItems) = preProject
		README.md = README.md
	EndProjectSection
EndProject
Global
	GlobalSection(SolutionConfigurationPlatforms) = preSolution
		Debug|Any CPU = Debug|Any CPU
		Release|Any CPU = Release|Any CPU
	EndGlobalSection
	GlobalSection(ProjectConfigurationPlatforms) = postSolution
		{5D1C6174-9F26-46FB-87B1-C21CA76F6A22}.Debug|Any CPU.ActiveCfg = Debug|Any CPU
		{5D1C6174-9F26-46FB-87B1-C21CA76F6A22}.Debug|Any CPU.Build.0 = Debug|Any CPU
		{5D1C6174-9F26-46FB-87B1-C21CA76F6A22}.Release|Any CPU.ActiveCfg = Release|Any CPU
		{5D1C6174-9F26-46FB-87B1-C21CA76F6A22}.Release|Any CPU.Build.0 = Release|Any CPU
		{1808B818-ECC8-46EE-B67C-C48578E0E9F5}.Debug|Any CPU.ActiveCfg = Debug|Any CPU
		{1808B818-ECC8-46EE-B67C-C48578E0E9F5}.Debug|Any CPU.Build.0 = Debug|Any CPU
		{1808B818-ECC8-46EE-B67C-C48578E0E9F5}.Release|Any CPU.ActiveCfg = Release|Any CPU
		{1808B818-ECC8-46EE-B67C-C48578E0E9F5}.Release|Any CPU.Build.0 = Release|Any CPU
		{998F9BAD-37D4-4220-BEE9-F319B5DA32AF}.Debug|Any CPU.ActiveCfg = Debug|Any CPU
		{998F9BAD-37D4-4220-BEE9-F319B5DA32AF}.Debug|Any CPU.Build.0 = Debug|Any CPU
		{998F9BAD-37D4-4220-BEE9-F319B5DA32AF}.Release|Any CPU.ActiveCfg = Release|Any CPU
		{998F9BAD-37D4-4220-BEE9-F319B5DA32AF}.Release|Any CPU.Build.0 = Release|Any CPU
		{89C960AA-4882-4C10-A8C8-A4DD377008EB}.Debug|Any CPU.ActiveCfg = Debug|Any CPU
		{89C960AA-4882-4C10-A8C8-A4DD377008EB}.Debug|Any CPU.Build.0 = Debug|Any CPU
		{89C960AA-4882-4C10-A8C8-A4DD377008EB}.Release|Any CPU.ActiveCfg = Release|Any CPU
		{89C960AA-4882-4C10-A8C8-A4DD377008EB}.Release|Any CPU.Build.0 = Release|Any CPU
		{04F208E6-14DF-4AAA-8455-5BEC8D671F29}.Debug|Any CPU.ActiveCfg = Debug|Any CPU
		{04F208E6-14DF-4AAA-8455-5BEC8D671F29}.Debug|Any CPU.Build.0 = Debug|Any CPU
		{04F208E6-14DF-4AAA-8455-5BEC8D671F29}.Release|Any CPU.ActiveCfg = Release|Any CPU
		{04F208E6-14DF-4AAA-8455-5BEC8D671F29}.Release|Any CPU.Build.0 = Release|Any CPU
		{071EF5F4-4C20-45C2-B380-F6DA6194EFE7}.Debug|Any CPU.ActiveCfg = Debug|Any CPU
		{071EF5F4-4C20-45C2-B380-F6DA6194EFE7}.Debug|Any CPU.Build.0 = Debug|Any CPU
		{071EF5F4-4C20-45C2-B380-F6DA6194EFE7}.Release|Any CPU.ActiveCfg = Release|Any CPU
		{071EF5F4-4C20-45C2-B380-F6DA6194EFE7}.Release|Any CPU.Build.0 = Release|Any CPU
		{7A3D523D-B0BA-4898-95A5-B6FC79DA9E03}.Debug|Any CPU.ActiveCfg = Debug|Any CPU
		{7A3D523D-B0BA-4898-95A5-B6FC79DA9E03}.Debug|Any CPU.Build.0 = Debug|Any CPU
		{7A3D523D-B0BA-4898-95A5-B6FC79DA9E03}.Release|Any CPU.ActiveCfg = Release|Any CPU
		{7A3D523D-B0BA-4898-95A5-B6FC79DA9E03}.Release|Any CPU.Build.0 = Release|Any CPU
	EndGlobalSection
	GlobalSection(SolutionProperties) = preSolution
		HideSolutionNode = FALSE
	EndGlobalSection
	GlobalSection(ExtensibilityGlobals) = postSolution
		SolutionGuid = {B6E3AE7D-AE72-4056-B6EE-A043BB83B54E}
	EndGlobalSection
EndGlobal
